
Microsoft Visual Studio Solution File, Format Version 12.00
# Visual Studio 2015
Project("{FAE04EC0-301F-11D3-BF4B-00C04F79EFBC}") = "Proyecto de documentación 6.Plugins", "Proyecto de documentación 6.Plugins.csproj", "{2502D810-4A43-22B2-EC7D-C03046200297}"
EndProject
Project("{FAE04EC0-301F-11D3-BF4B-00C04F79EFBC}") = "Proyecto de documentación 6", "Proyecto de documentación 6.csproj", "{2D557A9C-D3E9-401D-7157-17F4B97989D4}"
EndProject
Project("{FAE04EC0-301F-11D3-BF4B-00C04F79EFBC}") = "Proyecto de documentación 6.Editor.Plugins", "Proyecto de documentación 6.Editor.Plugins.csproj", "{197201BA-FE16-60A0-E3C1-71C45A90D8DF}"
EndProject
Project("{FAE04EC0-301F-11D3-BF4B-00C04F79EFBC}") = "Proyecto de documentación 6.Editor", "Proyecto de documentación 6.Editor.csproj", "{14DA268F-EEA2-4FDE-BE68-16968AA1F7AF}"
EndProject
Global
	GlobalSection(SolutionConfigurationPlatforms) = preSolution
		Debug|Any CPU = Debug|Any CPU
		Release|Any CPU = Release|Any CPU
	EndGlobalSection
	GlobalSection(ProjectConfigurationPlatforms) = postSolution
		{2502D810-4A43-22B2-EC7D-C03046200297}.Debug|Any CPU.ActiveCfg = Debug|Any CPU
		{2502D810-4A43-22B2-EC7D-C03046200297}.Debug|Any CPU.Build.0 = Debug|Any CPU
		{2502D810-4A43-22B2-EC7D-C03046200297}.Release|Any CPU.ActiveCfg = Release|Any CPU
		{2502D810-4A43-22B2-EC7D-C03046200297}.Release|Any CPU.Build.0 = Release|Any CPU
		{2D557A9C-D3E9-401D-7157-17F4B97989D4}.Debug|Any CPU.ActiveCfg = Debug|Any CPU
		{2D557A9C-D3E9-401D-7157-17F4B97989D4}.Debug|Any CPU.Build.0 = Debug|Any CPU
		{2D557A9C-D3E9-401D-7157-17F4B97989D4}.Release|Any CPU.ActiveCfg = Release|Any CPU
		{2D557A9C-D3E9-401D-7157-17F4B97989D4}.Release|Any CPU.Build.0 = Release|Any CPU
		{197201BA-FE16-60A0-E3C1-71C45A90D8DF}.Debug|Any CPU.ActiveCfg = Debug|Any CPU
		{197201BA-FE16-60A0-E3C1-71C45A90D8DF}.Debug|Any CPU.Build.0 = Debug|Any CPU
		{197201BA-FE16-60A0-E3C1-71C45A90D8DF}.Release|Any CPU.ActiveCfg = Release|Any CPU
		{197201BA-FE16-60A0-E3C1-71C45A90D8DF}.Release|Any CPU.Build.0 = Release|Any CPU
		{14DA268F-EEA2-4FDE-BE68-16968AA1F7AF}.Debug|Any CPU.ActiveCfg = Debug|Any CPU
		{14DA268F-EEA2-4FDE-BE68-16968AA1F7AF}.Debug|Any CPU.Build.0 = Debug|Any CPU
		{14DA268F-EEA2-4FDE-BE68-16968AA1F7AF}.Release|Any CPU.ActiveCfg = Release|Any CPU
		{14DA268F-EEA2-4FDE-BE68-16968AA1F7AF}.Release|Any CPU.Build.0 = Release|Any CPU
	EndGlobalSection
	GlobalSection(SolutionProperties) = preSolution
		HideSolutionNode = FALSE
	EndGlobalSection
EndGlobal
